<?xml version="1.0" encoding="UTF-8" standalone="yes" ?>
<CodeBlocks_project_file>
	<FileVersion major="1" minor="6" />
	<Project>
		<Option title="flyhigh" />
		<Option makefile_is_custom="1" />
		<Option pch_mode="2" />
		<Option compiler="gcc" />
		<Build>
			<Target title="Debug">
				<Option output="build/src/flyhigh" prefix_auto="1" extension_auto="1" />
				<Option object_output="build/" />
				<Option type="1" />
				<Option compiler="gcc" />
				<Compiler>
					<Add option="-g" />
				</Compiler>
			</Target>
			<Target title="Release">
				<Option output="build/src/flyhigh" prefix_auto="1" extension_auto="1" />
				<Option object_output="build/" />
				<Option type="1" />
				<Option compiler="gcc" />
				<Compiler>
					<Add option="-O2" />
				</Compiler>
				<Linker>
					<Add option="-s" />
				</Linker>
			</Target>
		</Build>
		<Compiler>
			<Add option="-Wall" />
		</Compiler>
		<Unit filename="src/CMakeLists.txt" />
		<Unit filename="src/MainWindow.cpp" />
		<Unit filename="src/MainWindow.h" />
		<Unit filename="src/analysis/CMakeLists.txt" />
		<Unit filename="src/analysis/FlightExpWindow.cpp" />
		<Unit filename="src/analysis/FlightExpWindow.h" />
		<Unit filename="src/analysis/FlightWindow.cpp" />
		<Unit filename="src/analysis/FlightWindow.h" />
		<Unit filename="src/analysis/GliderWindow.cpp" />
		<Unit filename="src/analysis/GliderWindow.h" />
		<Unit filename="src/analysis/IGCFileParser.cpp" />
		<Unit filename="src/analysis/IGCFileParser.h" />
		<Unit filename="src/analysis/KmlWriter.cpp" />
		<Unit filename="src/analysis/KmlWriter.h" />
		<Unit filename="src/analysis/OLCOptimizer.cpp" />
		<Unit filename="src/analysis/OLCOptimizer.h" />
		<Unit filename="src/analysis/OLCWebForm.cpp" />
		<Unit filename="src/analysis/OLCWebForm.h" />
		<Unit filename="src/analysis/ServicingWindow.cpp" />
		<Unit filename="src/analysis/ServicingWindow.h" />
		<Unit filename="src/common/CMakeLists.txt" />
		<Unit filename="src/common/container/AirSpace.cpp" />
		<Unit filename="src/common/container/AirSpace.h" />
		<Unit filename="src/common/container/AirSpaceItem.cpp" />
		<Unit filename="src/common/container/AirSpaceItem.h" />
		<Unit filename="src/common/container/AirSpaceList.cpp" />
		<Unit filename="src/common/container/AirSpaceList.h" />
		<Unit filename="src/common/container/BoundBox.cpp" />
		<Unit filename="src/common/container/BoundBox.h" />
		<Unit filename="src/common/container/CMakeLists.txt" />
		<Unit filename="src/common/container/ContainerDef.h" />
		<Unit filename="src/common/container/Flight.cpp" />
		<Unit filename="src/common/container/Flight.h" />
		<Unit filename="src/common/container/FlightPointList.cpp" />
		<Unit filename="src/common/container/FlightPointList.h" />
		<Unit filename="src/common/container/Glider.cpp" />
		<Unit filename="src/common/container/Glider.h" />
		<Unit filename="src/common/container/Pilot.cpp" />
		<Unit filename="src/common/container/Pilot.h" />
		<Unit filename="src/common/container/Route.cpp" />
		<Unit filename="src/common/container/Route.h" />
		<Unit filename="src/common/container/Servicing.cpp" />
		<Unit filename="src/common/container/Servicing.h" />
		<Unit filename="src/common/container/WayPoint.cpp" />
		<Unit filename="src/common/container/WayPoint.h" />
		<Unit filename="src/common/form/AirSpaceForm.ui" />
		<Unit filename="src/common/form/AirSpaceFormImpl.cpp" />
		<Unit filename="src/common/form/AirSpaceFormImpl.h" />
		<Unit filename="src/common/form/CMakeLists.txt" />
		<Unit filename="src/common/form/FlightForm.ui" />
		<Unit filename="src/common/form/FlightFormImpl.cpp" />
		<Unit filename="src/common/form/FlightFormImpl.h" />
		<Unit filename="src/common/form/GliderForm.ui" />
		<Unit filename="src/common/form/GliderFormImpl.cpp" />
		<Unit filename="src/common/form/GliderFormImpl.h" />
		<Unit filename="src/common/form/IAirSpaceForm.cpp" />
		<Unit filename="src/common/form/IAirSpaceForm.h" />
		<Unit filename="src/common/form/ICTRForm.cpp" />
		<Unit filename="src/common/form/ICTRForm.h" />
		<Unit filename="src/common/form/IFlightForm.cpp" />
		<Unit filename="src/common/form/IFlightForm.h" />
		<Unit filename="src/common/form/IGliderForm.cpp" />
		<Unit filename="src/common/form/IGliderForm.h" />
		<Unit filename="src/common/form/IRouteForm.cpp" />
		<Unit filename="src/common/form/IRouteForm.h" />
		<Unit filename="src/common/form/IServicingForm.cpp" />
		<Unit filename="src/common/form/IServicingForm.h" />
		<Unit filename="src/common/form/IWayPointForm.cpp" />
		<Unit filename="src/common/form/IWayPointForm.h" />
		<Unit filename="src/common/form/MDIWindow.cpp" />
		<Unit filename="src/common/form/MDIWindow.h" />
		<Unit filename="src/common/form/ProgressDlg.cpp" />
		<Unit filename="src/common/form/ProgressDlg.h" />
		<Unit filename="src/common/form/RouteForm.ui" />
		<Unit filename="src/common/form/RouteFormImpl.cpp" />
		<Unit filename="src/common/form/RouteFormImpl.h" />
		<Unit filename="src/common/form/ServicingForm.ui" />
		<Unit filename="src/common/form/ServicingFormImpl.cpp" />
		<Unit filename="src/common/form/ServicingFormImpl.h" />
		<Unit filename="src/common/form/TableWindow.cpp" />
		<Unit filename="src/common/form/TableWindow.h" />
		<Unit filename="src/common/form/WayPointForm.ui" />
		<Unit filename="src/common/form/WayPointFormImpl.cpp" />
		<Unit filename="src/common/form/WayPointFormImpl.h" />
		<Unit filename="src/common/map/CMakeLists.txt" />
		<Unit filename="src/common/map/Map.cpp" />
		<Unit filename="src/common/map/Map.h" />
		<Unit filename="src/common/map/MapTile.cpp" />
		<Unit filename="src/common/map/MapTile.h" />
		<Unit filename="src/common/map/MapView.cpp" />
		<Unit filename="src/common/map/MapView.h" />
		<Unit filename="src/common/map/SwissGrid.cpp" />
		<Unit filename="src/common/map/SwissGrid.h" />
		<Unit filename="src/common/map/SwissMap100.cpp" />
		<Unit filename="src/common/map/SwissMap100.h" />
		<Unit filename="src/common/qextserialport/CMakeLists.txt" />
		<Unit filename="src/common/qextserialport/posix_qextserialport.cpp" />
		<Unit filename="src/common/qextserialport/qextserialenumerator.h" />
		<Unit filename="src/common/qextserialport/qextserialenumerator_osx.cpp" />
		<Unit filename="src/common/qextserialport/qextserialenumerator_unix.cpp" />
		<Unit filename="src/common/qextserialport/qextserialenumerator_win.cpp" />
		<Unit filename="src/common/qextserialport/qextserialport.cpp" />
		<Unit filename="src/common/qextserialport/qextserialport.h" />
		<Unit filename="src/common/qextserialport/qextserialport_global.h" />
		<Unit filename="src/common/qextserialport/win_qextserialport.cpp" />
		<Unit filename="src/common/utils/CMakeLists.txt" />
		<Unit filename="src/common/utils/Error.cpp" />
		<Unit filename="src/common/utils/Error.h" />
		<Unit filename="src/common/utils/GnuPlot.cpp" />
		<Unit filename="src/common/utils/GnuPlot.h" />
		<Unit filename="src/common/utils/Tokenizer.cpp" />
		<Unit filename="src/common/utils/Tokenizer.h" />
		<Unit filename="src/common/utils/Vector.cpp" />
		<Unit filename="src/common/utils/Vector.h" />
		<Unit filename="src/common/webmap/CMakeLists.txt" />
		<Unit filename="src/common/webmap/PolyLineEncoder.cpp" />
		<Unit filename="src/common/webmap/PolyLineEncoder.h" />
		<Unit filename="src/common/webmap/WebMap.cpp" />
		<Unit filename="src/common/webmap/WebMap.h" />
		<Unit filename="src/common/webmap/WebMapFlightView.cpp" />
		<Unit filename="src/common/webmap/WebMapFlightView.h" />
		<Unit filename="src/common/webmap/WebMapRouteView.cpp" />
		<Unit filename="src/common/webmap/WebMapRouteView.h" />
		<Unit filename="src/configuration/CMakeLists.txt" />
		<Unit filename="src/configuration/database/CMakeLists.txt" />
		<Unit filename="src/configuration/database/FlyHighRCFrame.ui" />
		<Unit filename="src/configuration/database/FlyHighRCFrameImpl.cpp" />
		<Unit filename="src/configuration/database/FlyHighRCFrameImpl.h" />
		<Unit filename="src/configuration/database/IFlyHighRCFrame.cpp" />
		<Unit filename="src/configuration/database/IFlyHighRCFrame.h" />
		<Unit filename="src/configuration/flytec/AcousticFrame.ui" />
		<Unit filename="src/configuration/flytec/AcousticFrameImpl.cpp" />
		<Unit filename="src/configuration/flytec/AcousticFrameImpl.h" />
		<Unit filename="src/configuration/flytec/CMakeLists.txt" />
		<Unit filename="src/configuration/flytec/CorrFrame.ui" />
		<Unit filename="src/configuration/flytec/CorrFrameImpl.cpp" />
		<Unit filename="src/configuration/flytec/CorrFrameImpl.h" />
		<Unit filename="src/configuration/flytec/DeviceFrame.ui" />
		<Unit filename="src/configuration/flytec/DeviceFrameImpl.cpp" />
		<Unit filename="src/configuration/flytec/DeviceFrameImpl.h" />
		<Unit filename="src/configuration/flytec/DisplayFrame.ui" />
		<Unit filename="src/configuration/flytec/DisplayFrameImpl.cpp" />
		<Unit filename="src/configuration/flytec/DisplayFrameImpl.h" />
		<Unit filename="src/configuration/flytec/FlyCalcFrame.ui" />
		<Unit filename="src/configuration/flytec/FlyCalcFrameImpl.cpp" />
		<Unit filename="src/configuration/flytec/FlyCalcFrameImpl.h" />
		<Unit filename="src/configuration/flytec/Frame.cpp" />
		<Unit filename="src/configuration/flytec/Frame.h" />
		<Unit filename="src/configuration/flytec/GPSFrame.ui" />
		<Unit filename="src/configuration/flytec/GPSFrameImpl.cpp" />
		<Unit filename="src/configuration/flytec/GPSFrameImpl.h" />
		<Unit filename="src/configuration/flytec/IFlytecConfig.cpp" />
		<Unit filename="src/configuration/flytec/IFlytecConfig.h" />
		<Unit filename="src/configuration/flytec/MainFrame.ui" />
		<Unit filename="src/configuration/flytec/MainFrameImpl.cpp" />
		<Unit filename="src/configuration/flytec/MainFrameImpl.h" />
		<Unit filename="src/configuration/flytec/MemoryFrame.ui" />
		<Unit filename="src/configuration/flytec/MemoryFrameImpl.cpp" />
		<Unit filename="src/configuration/flytec/MemoryFrameImpl.h" />
		<Unit filename="src/configuration/flytec/PolareFrame.ui" />
		<Unit filename="src/configuration/flytec/PolareFrameImpl.cpp" />
		<Unit filename="src/configuration/flytec/PolareFrameImpl.h" />
		<Unit filename="src/configuration/flytec/SmsFrame.ui" />
		<Unit filename="src/configuration/flytec/SmsFrameImpl.cpp" />
		<Unit filename="src/configuration/flytec/SmsFrameImpl.h" />
		<Unit filename="src/configuration/flytec/UnitFrame.ui" />
		<Unit filename="src/configuration/flytec/UnitFrameImpl.cpp" />
		<Unit filename="src/configuration/flytec/UnitFrameImpl.h" />
		<Unit filename="src/configuration/flytec/VarioFrame.ui" />
		<Unit filename="src/configuration/flytec/VarioFrameImpl.cpp" />
		<Unit filename="src/configuration/flytec/VarioFrameImpl.h" />
		<Unit filename="src/configuration/flytec/VelocityFrame.ui" />
		<Unit filename="src/configuration/flytec/VelocityFrameImpl.cpp" />
		<Unit filename="src/configuration/flytec/VelocityFrameImpl.h" />
		<Unit filename="src/configuration/flytec6015/AcousticFrame6015.ui" />
		<Unit filename="src/configuration/flytec6015/AcousticFrame6015Impl.cpp" />
		<Unit filename="src/configuration/flytec6015/AcousticFrame6015Impl.h" />
		<Unit filename="src/configuration/flytec6015/CMakeLists.txt" />
		<Unit filename="src/configuration/flytec6015/CorrFrame6015.ui" />
		<Unit filename="src/configuration/flytec6015/CorrFrame6015Impl.cpp" />
		<Unit filename="src/configuration/flytec6015/CorrFrame6015Impl.h" />
		<Unit filename="src/configuration/flytec6015/DeviceFrame6015.ui" />
		<Unit filename="src/configuration/flytec6015/DeviceFrame6015Impl.cpp" />
		<Unit filename="src/configuration/flytec6015/DeviceFrame6015Impl.h" />
		<Unit filename="src/configuration/flytec6015/DisplayFrame6015.ui" />
		<Unit filename="src/configuration/flytec6015/DisplayFrame6015Impl.cpp" />
		<Unit filename="src/configuration/flytec6015/DisplayFrame6015Impl.h" />
		<Unit filename="src/configuration/flytec6015/Frame6015.cpp" />
		<Unit filename="src/configuration/flytec6015/Frame6015.h" />
		<Unit filename="src/configuration/flytec6015/GPSFrame6015.ui" />
		<Unit filename="src/configuration/flytec6015/GPSFrame6015Impl.cpp" />
		<Unit filename="src/configuration/flytec6015/GPSFrame6015Impl.h" />
		<Unit filename="src/configuration/flytec6015/IFlytec6015Config.cpp" />
		<Unit filename="src/configuration/flytec6015/IFlytec6015Config.h" />
		<Unit filename="src/configuration/flytec6015/MainFrame6015.ui" />
		<Unit filename="src/configuration/flytec6015/MainFrame6015Impl.cpp" />
		<Unit filename="src/configuration/flytec6015/MainFrame6015Impl.h" />
		<Unit filename="src/configuration/flytec6015/MemoryFrame6015.ui" />
		<Unit filename="src/configuration/flytec6015/MemoryFrame6015Impl.cpp" />
		<Unit filename="src/configuration/flytec6015/MemoryFrame6015Impl.h" />
		<Unit filename="src/configuration/flytec6015/UnitFrame6015.ui" />
		<Unit filename="src/configuration/flytec6015/UnitFrame6015Impl.cpp" />
		<Unit filename="src/configuration/flytec6015/UnitFrame6015Impl.h" />
		<Unit filename="src/configuration/flytec6015/VarioFrame6015.ui" />
		<Unit filename="src/configuration/flytec6015/VarioFrame6015Impl.cpp" />
		<Unit filename="src/configuration/flytec6015/VarioFrame6015Impl.h" />
		<Unit filename="src/configuration/flytec6015/VelocityFrame6015.ui" />
		<Unit filename="src/configuration/flytec6015/VelocityFrame6015Impl.cpp" />
		<Unit filename="src/configuration/flytec6015/VelocityFrame6015Impl.h" />
		<Unit filename="src/configuration/interface/CMakeLists.txt" />
		<Unit filename="src/configuration/interface/IPortFrame.cpp" />
		<Unit filename="src/configuration/interface/IPortFrame.h" />
		<Unit filename="src/configuration/interface/PortFrame.ui" />
		<Unit filename="src/configuration/interface/PortFrameImpl.cpp" />
		<Unit filename="src/configuration/interface/PortFrameImpl.h" />
		<Unit filename="src/database/CMakeLists.txt" />
		<Unit filename="src/database/IDataBase.cpp" />
		<Unit filename="src/database/IDataBase.h" />
		<Unit filename="src/database/IFlyHighRC.cpp" />
		<Unit filename="src/database/IFlyHighRC.h" />
		<Unit filename="src/database/IGPSDevice.cpp" />
		<Unit filename="src/database/IGPSDevice.h" />
		<Unit filename="src/database/ISql.cpp" />
		<Unit filename="src/database/ISql.h" />
		<Unit filename="src/database/flytec/CMakeLists.txt" />
		<Unit filename="src/database/flytec/Defs5020.h" />
		<Unit filename="src/database/flytec/Device5020.cpp" />
		<Unit filename="src/database/flytec/Device5020.h" />
		<Unit filename="src/database/flytec/Flytec5020.cpp" />
		<Unit filename="src/database/flytec/Flytec5020.h" />
		<Unit filename="src/database/flytec/FlytecDevice.cpp" />
		<Unit filename="src/database/flytec/FlytecDevice.h" />
		<Unit filename="src/database/flytec/Protocol5020.cpp" />
		<Unit filename="src/database/flytec/Protocol5020.h" />
		<Unit filename="src/database/flytec/flytec_al.c">
			<Option compilerVar="CC" />
		</Unit>
		<Unit filename="src/database/flytec/flytec_al.h" />
		<Unit filename="src/database/flytec/flytec_ll.c">
			<Option compilerVar="CC" />
		</Unit>
		<Unit filename="src/database/flytec/flytec_ll.h" />
		<Unit filename="src/database/flytec/flytec_pl.h" />
		<Unit filename="src/database/flytec/flytec_pl_rs232.c">
			<Option compilerVar="CC" />
		</Unit>
		<Unit filename="src/database/flytec6015/CMakeLists.txt" />
		<Unit filename="src/database/flytec6015/Defs6015.h" />
		<Unit filename="src/database/flytec6015/Device6015.cpp" />
		<Unit filename="src/database/flytec6015/Device6015.h" />
		<Unit filename="src/database/flytec6015/Flytec6015.cpp" />
		<Unit filename="src/database/flytec6015/Flytec6015.h" />
		<Unit filename="src/database/flytec6015/Protocol6015.cpp" />
		<Unit filename="src/database/flytec6015/Protocol6015.h" />
		<Unit filename="src/database/garmin/CMakeLists.txt" />
		<Unit filename="src/database/garmin/GarminDevice.cpp" />
		<Unit filename="src/database/garmin/GarminDevice.h" />
		<Unit filename="src/database/garmin/GarminFmt.cpp" />
		<Unit filename="src/database/garmin/GarminFmt.h" />
		<Unit filename="src/database/garmin/gps.h" />
		<Unit filename="src/database/garmin/gpsapp.c">
			<Option compilerVar="CC" />
		</Unit>
		<Unit filename="src/database/garmin/gpsapp.h" />
		<Unit filename="src/database/garmin/gpscom.c">
			<Option compilerVar="CC" />
		</Unit>
		<Unit filename="src/database/garmin/gpscom.h" />
		<Unit filename="src/database/garmin/gpsdatum.h" />
		<Unit filename="src/database/garmin/gpsinput.c">
			<Option compilerVar="CC" />
		</Unit>
		<Unit filename="src/database/garmin/gpsinput.h" />
		<Unit filename="src/database/garmin/gpsmath.c">
			<Option compilerVar="CC" />
		</Unit>
		<Unit filename="src/database/garmin/gpsmath.h" />
		<Unit filename="src/database/garmin/gpsmem.c">
			<Option compilerVar="CC" />
		</Unit>
		<Unit filename="src/database/garmin/gpsmem.h" />
		<Unit filename="src/database/garmin/gpsport.h" />
		<Unit filename="src/database/garmin/gpsprot.c">
			<Option compilerVar="CC" />
		</Unit>
		<Unit filename="src/database/garmin/gpsprot.h" />
		<Unit filename="src/database/garmin/gpsread.c">
			<Option compilerVar="CC" />
		</Unit>
		<Unit filename="src/database/garmin/gpsread.h" />
		<Unit filename="src/database/garmin/gpsrqst.c">
			<Option compilerVar="CC" />
		</Unit>
		<Unit filename="src/database/garmin/gpsrqst.h" />
		<Unit filename="src/database/garmin/gpssend.c">
			<Option compilerVar="CC" />
		</Unit>
		<Unit filename="src/database/garmin/gpssend.h" />
		<Unit filename="src/database/garmin/gpsserial.c">
			<Option compilerVar="CC" />
		</Unit>
		<Unit filename="src/database/garmin/gpsserial.h" />
		<Unit filename="src/database/garmin/gpsutil.c">
			<Option compilerVar="CC" />
		</Unit>
		<Unit filename="src/database/garmin/gpsutil.h" />
		<Unit filename="src/database/sql/AirSpaces.cpp" />
		<Unit filename="src/database/sql/AirSpaces.h" />
		<Unit filename="src/database/sql/DataBaseSub.cpp" />
		<Unit filename="src/database/sql/DataBaseSub.h" />
		<Unit filename="src/database/sql/Flights.cpp" />
		<Unit filename="src/database/sql/Flights.h" />
		<Unit filename="src/database/sql/Gliders.cpp" />
		<Unit filename="src/database/sql/Gliders.h" />
		<Unit filename="src/database/sql/Pilots.cpp" />
		<Unit filename="src/database/sql/Pilots.h" />
		<Unit filename="src/database/sql/Routes.cpp" />
		<Unit filename="src/database/sql/Routes.h" />
		<Unit filename="src/database/sql/Servicings.cpp" />
		<Unit filename="src/database/sql/Servicings.h" />
		<Unit filename="src/database/sql/Upgrade.cpp" />
		<Unit filename="src/database/sql/Upgrade.h" />
		<Unit filename="src/database/sql/WayPoints.cpp" />
		<Unit filename="src/database/sql/WayPoints.h" />
		<Unit filename="src/main.cpp" />
		<Unit filename="src/preparation/AirSpaceView.cpp" />
		<Unit filename="src/preparation/AirSpaceView.h" />
		<Unit filename="src/preparation/AirSpaceWindow.cpp" />
		<Unit filename="src/preparation/AirSpaceWindow.h" />
		<Unit filename="src/preparation/CMakeLists.txt" />
		<Unit filename="src/preparation/OpenAirFileParser.cpp" />
		<Unit filename="src/preparation/OpenAirFileParser.h" />
		<Unit filename="src/preparation/RouteWindow.cpp" />
		<Unit filename="src/preparation/RouteWindow.h" />
		<Unit filename="src/preparation/WayPointWindow.cpp" />
		<Unit filename="src/preparation/WayPointWindow.h" />
		<Unit filename="src/res/CMakeLists.txt" />
		<Unit filename="src/res/css/webmap.css" />
		<Unit filename="src/res/document.xpm" />
		<Unit filename="src/res/flyhigh.png" />
		<Unit filename="src/res/ft_5020.png" />
		<Unit filename="src/res/glider.png" />
		<Unit filename="src/res/js/chartFX/canvaschart.css" />
		<Unit filename="src/res/js/chartFX/canvaschartpainter.js" />
		<Unit filename="src/res/js/chartFX/chart.js" />
		<Unit filename="src/res/js/chartFX/excanvas.js" />
		<Unit filename="src/res/js/jscoord-1.1.1.js" />
		<Unit filename="src/res/js/json2.js" />
		<Unit filename="src/res/js/mapiconmaker.js" />
		<Unit filename="src/res/js/prototype.js" />
		<Unit filename="src/res/js/webmap.js" />
		<Unit filename="src/res/js/xcplanner.js" />
		<Unit filename="src/res/polare.png" />
		<Unit filename="src/res/res.qrc" />
		<Unit filename="src/res/webmap_flight.html" />
		<Unit filename="src/res/webmap_route.html" />
		<Extensions>
			<code_completion />
			<envvars />
			<debugger />
			<lib_finder disable_auto="1" />
		</Extensions>
	</Project>
</CodeBlocks_project_file>
